
Microsoft Visual Studio Solution File, Format Version 12.00
# Visual Studio Version 16
VisualStudioVersion = 16.0.31105.61
MinimumVisualStudioVersion = 10.0.40219.1
Project("{FAE04EC0-301F-11D3-BF4B-00C04F79EFBC}") = "WebApplication1", "WebApplication1\WebApplication1.csproj", "{298B3DD9-475A-45B5-9731-BFDF0FA7AFDB}"
EndProject
Global
	GlobalSection(SolutionConfigurationPlatforms) = preSolution
		Debug|Any CPU = Debug|Any CPU
		Release|Any CPU = Release|Any CPU
	EndGlobalSection
	GlobalSection(ProjectConfigurationPlatforms) = postSolution
		{298B3DD9-475A-45B5-9731-BFDF0FA7AFDB}.Debug|Any CPU.ActiveCfg = Debug|Any CPU
		{298B3DD9-475A-45B5-9731-BFDF0FA7AFDB}.Debug|Any CPU.Build.0 = Debug|Any CPU
		{298B3DD9-475A-45B5-9731-BFDF0FA7AFDB}.Release|Any CPU.ActiveCfg = Release|Any CPU
		{298B3DD9-475A-45B5-9731-BFDF0FA7AFDB}.Release|Any CPU.Build.0 = Release|Any CPU
	EndGlobalSection
	GlobalSection(SolutionProperties) = preSolution
		HideSolutionNode = FALSE
	EndGlobalSection
	GlobalSection(ExtensibilityGlobals) = postSolution
		SolutionGuid = {2CC40DAC-CDB2-44B2-8999-E9990243B35E}
	EndGlobalSection
EndGlobal
